
Microsoft Visual Studio Solution File, Format Version 12.00
# Visual Studio Version 16
VisualStudioVersion = 16.0.28803.452
MinimumVisualStudioVersion = 10.0.40219.1
Project("{2150E333-8FDC-42A3-9474-1A3956D46DE8}") = "Core", "Core", "{D28F95A1-CEC3-49C5-9B49-05091555F804}"
EndProject
Project("{2150E333-8FDC-42A3-9474-1A3956D46DE8}") = "CrossCutting", "CrossCutting", "{61581848-80E9-438F-9F1C-5C0DFEF33B41}"
EndProject
Project("{2150E333-8FDC-42A3-9474-1A3956D46DE8}") = "UI", "UI", "{C95ACF1C-74C2-4029-8817-5E113839B4D8}"
EndProject
Project("{2150E333-8FDC-42A3-9474-1A3956D46DE8}") = "Tests", "Tests", "{E03D509E-CC02-4B78-B391-ABC282CC0F49}"
EndProject
Project("{9A19103F-16F7-4668-BE54-9A1E7A4F7556}") = "CopaDoMundoDeFilmes.Core.Dominio", "CopaDoMundoDeFilmes.Core.Dominio\CopaDoMundoDeFilmes.Core.Dominio.csproj", "{E78E78DA-50E3-499A-B940-B2619B5EC0D7}"
EndProject
Project("{9A19103F-16F7-4668-BE54-9A1E7A4F7556}") = "CopaDoMundoDeFilmes.Core.Api", "CopaDoMundoDeFilmes.Core.Api\CopaDoMundoDeFilmes.Core.Api.csproj", "{99E2821D-6899-4B5D-B57F-5209FEDCD196}"
EndProject
Project("{9A19103F-16F7-4668-BE54-9A1E7A4F7556}") = "CopaDoMundoDeFilmes.Testes", "CopaDoMundoDeFilmes.Testes\CopaDoMundoDeFilmes.Testes.csproj", "{1D713E9E-1DB5-4286-A032-332058E95E80}"
EndProject
Project("{9A19103F-16F7-4668-BE54-9A1E7A4F7556}") = "CopaDoMundoDeFilmes.CrossCutting.Inicializador", "CopaDoMundoDeFilmes.CrossCutting.Inicializador\CopaDoMundoDeFilmes.CrossCutting.Inicializador.csproj", "{82110F4D-D7F8-42AE-AF42-D44ECAAFEDED}"
EndProject
Project("{9A19103F-16F7-4668-BE54-9A1E7A4F7556}") = "CopaDoMundoDeFilmes.Core.ServicoDeAplicacao", "CopaDoMundoDeFilmes.Core.ServicoDeAplicacao\CopaDoMundoDeFilmes.Core.ServicoDeAplicacao.csproj", "{603E9F36-F4D2-4047-9D27-F0F93038CE0C}"
EndProject
Project("{9A19103F-16F7-4668-BE54-9A1E7A4F7556}") = "WebApplication1", "WebApplication1\WebApplication1.csproj", "{6470DA5A-FCA2-46D0-8EEA-AC48DACAC23D}"
EndProject
Global
	GlobalSection(SolutionConfigurationPlatforms) = preSolution
		Debug|Any CPU = Debug|Any CPU
		Release|Any CPU = Release|Any CPU
	EndGlobalSection
	GlobalSection(ProjectConfigurationPlatforms) = postSolution
		{E78E78DA-50E3-499A-B940-B2619B5EC0D7}.Debug|Any CPU.ActiveCfg = Debug|Any CPU
		{E78E78DA-50E3-499A-B940-B2619B5EC0D7}.Debug|Any CPU.Build.0 = Debug|Any CPU
		{E78E78DA-50E3-499A-B940-B2619B5EC0D7}.Release|Any CPU.ActiveCfg = Release|Any CPU
		{E78E78DA-50E3-499A-B940-B2619B5EC0D7}.Release|Any CPU.Build.0 = Release|Any CPU
		{99E2821D-6899-4B5D-B57F-5209FEDCD196}.Debug|Any CPU.ActiveCfg = Debug|Any CPU
		{99E2821D-6899-4B5D-B57F-5209FEDCD196}.Debug|Any CPU.Build.0 = Debug|Any CPU
		{99E2821D-6899-4B5D-B57F-5209FEDCD196}.Release|Any CPU.ActiveCfg = Release|Any CPU
		{99E2821D-6899-4B5D-B57F-5209FEDCD196}.Release|Any CPU.Build.0 = Release|Any CPU
		{1D713E9E-1DB5-4286-A032-332058E95E80}.Debug|Any CPU.ActiveCfg = Debug|Any CPU
		{1D713E9E-1DB5-4286-A032-332058E95E80}.Debug|Any CPU.Build.0 = Debug|Any CPU
		{1D713E9E-1DB5-4286-A032-332058E95E80}.Release|Any CPU.ActiveCfg = Release|Any CPU
		{1D713E9E-1DB5-4286-A032-332058E95E80}.Release|Any CPU.Build.0 = Release|Any CPU
		{82110F4D-D7F8-42AE-AF42-D44ECAAFEDED}.Debug|Any CPU.ActiveCfg = Debug|Any CPU
		{82110F4D-D7F8-42AE-AF42-D44ECAAFEDED}.Debug|Any CPU.Build.0 = Debug|Any CPU
		{82110F4D-D7F8-42AE-AF42-D44ECAAFEDED}.Release|Any CPU.ActiveCfg = Release|Any CPU
		{82110F4D-D7F8-42AE-AF42-D44ECAAFEDED}.Release|Any CPU.Build.0 = Release|Any CPU
		{603E9F36-F4D2-4047-9D27-F0F93038CE0C}.Debug|Any CPU.ActiveCfg = Debug|Any CPU
		{603E9F36-F4D2-4047-9D27-F0F93038CE0C}.Debug|Any CPU.Build.0 = Debug|Any CPU
		{603E9F36-F4D2-4047-9D27-F0F93038CE0C}.Release|Any CPU.ActiveCfg = Release|Any CPU
		{603E9F36-F4D2-4047-9D27-F0F93038CE0C}.Release|Any CPU.Build.0 = Release|Any CPU
		{6470DA5A-FCA2-46D0-8EEA-AC48DACAC23D}.Debug|Any CPU.ActiveCfg = Debug|Any CPU
		{6470DA5A-FCA2-46D0-8EEA-AC48DACAC23D}.Debug|Any CPU.Build.0 = Debug|Any CPU
		{6470DA5A-FCA2-46D0-8EEA-AC48DACAC23D}.Release|Any CPU.ActiveCfg = Release|Any CPU
		{6470DA5A-FCA2-46D0-8EEA-AC48DACAC23D}.Release|Any CPU.Build.0 = Release|Any CPU
	EndGlobalSection
	GlobalSection(SolutionProperties) = preSolution
		HideSolutionNode = FALSE
	EndGlobalSection
	GlobalSection(NestedProjects) = preSolution
		{E78E78DA-50E3-499A-B940-B2619B5EC0D7} = {D28F95A1-CEC3-49C5-9B49-05091555F804}
		{99E2821D-6899-4B5D-B57F-5209FEDCD196} = {D28F95A1-CEC3-49C5-9B49-05091555F804}
		{1D713E9E-1DB5-4286-A032-332058E95E80} = {E03D509E-CC02-4B78-B391-ABC282CC0F49}
		{82110F4D-D7F8-42AE-AF42-D44ECAAFEDED} = {61581848-80E9-438F-9F1C-5C0DFEF33B41}
		{603E9F36-F4D2-4047-9D27-F0F93038CE0C} = {D28F95A1-CEC3-49C5-9B49-05091555F804}
		{6470DA5A-FCA2-46D0-8EEA-AC48DACAC23D} = {C95ACF1C-74C2-4029-8817-5E113839B4D8}
	EndGlobalSection
	GlobalSection(ExtensibilityGlobals) = postSolution
		SolutionGuid = {71A73F7A-E197-475F-AB6A-56C468B4C72C}
	EndGlobalSection
EndGlobal
